Microsoft Visual Studio Solution File, Format Version 12.00
# Visual Studio Version 17
VisualStudioVersion = 17.5.2.0
MinimumVisualStudioVersion = 10.0.40219.1
Project("{FAE04EC0-301F-11D3-BF4B-00C04F79EFBC}") = "projeto_brainrot", "projeto_brainrot\projeto_brainrot.csproj", "{0D1142A4-A490-5EA0-00A6-D0685167ED49}"
EndProject
Global
	GlobalSection(SolutionConfigurationPlatforms) = preSolution
		Debug|Any CPU = Debug|Any CPU
		Release|Any CPU = Release|Any CPU
	EndGlobalSection
	GlobalSection(ProjectConfigurationPlatforms) = postSolution
		{0D1142A4-A490-5EA0-00A6-D0685167ED49}.Debug|Any CPU.ActiveCfg = Debug|Any CPU
		{0D1142A4-A490-5EA0-00A6-D0685167ED49}.Debug|Any CPU.Build.0 = Debug|Any CPU
		{0D1142A4-A490-5EA0-00A6-D0685167ED49}.Release|Any CPU.ActiveCfg = Release|Any CPU
		{0D1142A4-A490-5EA0-00A6-D0685167ED49}.Release|Any CPU.Build.0 = Release|Any CPU
	EndGlobalSection
	GlobalSection(SolutionProperties) = preSolution
		HideSolutionNode = FALSE
	EndGlobalSection
	GlobalSection(ExtensibilityGlobals) = postSolution
		SolutionGuid = {5E97B623-B232-4655-9B40-3EE0E24BB111}
	EndGlobalSection
EndGlobal
